
Microsoft Visual Studio Solution File, Format Version 12.00
# Visual Studio Version 17
VisualStudioVersion = 17.1.32228.430
MinimumVisualStudioVersion = 10.0.40219.1
Project("{9A19103F-16F7-4668-BE54-9A1E7A4F7556}") = "Michal_openweather_api", "Michal_openweather_api\Michal_openweather_api.csproj", "{D463A0AF-B420-4856-A4BC-3981BDC2BE80}"
EndProject
Project("{54435603-DBB4-11D2-8724-00A0C9A8B90C}") = "Michal_openweather_api_Setup", "Michal_openweather_api_Setup\Michal_openweather_api_Setup.vdproj", "{AC9AB86A-52A1-4826-8079-AAD0F92848DB}"
EndProject
Global
	GlobalSection(SolutionConfigurationPlatforms) = preSolution
		Debug|Any CPU = Debug|Any CPU
		Release|Any CPU = Release|Any CPU
	EndGlobalSection
	GlobalSection(ProjectConfigurationPlatforms) = postSolution
		{D463A0AF-B420-4856-A4BC-3981BDC2BE80}.Debug|Any CPU.ActiveCfg = Debug|Any CPU
		{D463A0AF-B420-4856-A4BC-3981BDC2BE80}.Debug|Any CPU.Build.0 = Debug|Any CPU
		{D463A0AF-B420-4856-A4BC-3981BDC2BE80}.Release|Any CPU.ActiveCfg = Release|Any CPU
		{D463A0AF-B420-4856-A4BC-3981BDC2BE80}.Release|Any CPU.Build.0 = Release|Any CPU
		{AC9AB86A-52A1-4826-8079-AAD0F92848DB}.Debug|Any CPU.ActiveCfg = Debug
		{AC9AB86A-52A1-4826-8079-AAD0F92848DB}.Release|Any CPU.ActiveCfg = Release
	EndGlobalSection
	GlobalSection(SolutionProperties) = preSolution
		HideSolutionNode = FALSE
	EndGlobalSection
	GlobalSection(ExtensibilityGlobals) = postSolution
		SolutionGuid = {058ABDEC-F862-40EF-B1BA-2087623BC9A9}
	EndGlobalSection
EndGlobal
